// !$*UTF8*$!
{
	archiveVersion = 1;
	classes = {
	};
	objectVersion = 55;
	objects = {

/* Begin PBXBuildFile section */
		0BEB7F1F290F85D5005DE52C /* GenderViewController.swift in Sources */ = {isa = PBXBuildFile; fileRef = 0BEB7F1E290F85D5005DE52C /* GenderViewController.swift */; };
		0BEB7F21290F85ED005DE52C /* LikesViewController.swift in Sources */ = {isa = PBXBuildFile; fileRef = 0BEB7F20290F85ED005DE52C /* LikesViewController.swift */; };
		0BEB7F23290F8609005DE52C /* ArticlesViewController.swift in Sources */ = {isa = PBXBuildFile; fileRef = 0BEB7F22290F8609005DE52C /* ArticlesViewController.swift */; };
		6F110DF2290B27C500A09B68 /* GoogleService-Info.plist in Resources */ = {isa = PBXBuildFile; fileRef = 6F110DF1290B27C500A09B68 /* GoogleService-Info.plist */; };
		6F110DF8290D74A900A09B68 /* ViewController.swift in Sources */ = {isa = PBXBuildFile; fileRef = 6F110DF7290D74A900A09B68 /* ViewController.swift */; };
		6F110DFA290D74E900A09B68 /* CoreDataFunctions.swift in Sources */ = {isa = PBXBuildFile; fileRef = 6F110DF9290D74E900A09B68 /* CoreDataFunctions.swift */; };
		6F110DFC290D752E00A09B68 /* AddNoteViewController.swift in Sources */ = {isa = PBXBuildFile; fileRef = 6F110DFB290D752E00A09B68 /* AddNoteViewController.swift */; };
		6F110DFE290D756200A09B68 /* NoteTableViewCell.swift in Sources */ = {isa = PBXBuildFile; fileRef = 6F110DFD290D756200A09B68 /* NoteTableViewCell.swift */; };
		6FB1976D2915950700E2F2CA /* CompanyLoginViewController.swift in Sources */ = {isa = PBXBuildFile; fileRef = 6FB1976C2915950700E2F2CA /* CompanyLoginViewController.swift */; };
		ACBE39AFC778D8960A16259E /* Pods_Inviz.framework in Frameworks */ = {isa = PBXBuildFile; fileRef = FEA78B02BC696CE6DDC045D0 /* Pods_Inviz.framework */; };
		B7131CB5290DA691007BC722 /* ShowInfoViewController.swift in Sources */ = {isa = PBXBuildFile; fileRef = B7131CB4290DA691007BC722 /* ShowInfoViewController.swift */; };
		B73600772909053700D833D1 /* RegisterViewController.swift in Sources */ = {isa = PBXBuildFile; fileRef = B73600762909053700D833D1 /* RegisterViewController.swift */; };
		B7CC2812290824BC00529BC6 /* AppDelegate.swift in Sources */ = {isa = PBXBuildFile; fileRef = B7CC2811290824BC00529BC6 /* AppDelegate.swift */; };
		B7CC2814290824BC00529BC6 /* SceneDelegate.swift in Sources */ = {isa = PBXBuildFile; fileRef = B7CC2813290824BC00529BC6 /* SceneDelegate.swift */; };
		B7CC2816290824BC00529BC6 /* LoginViewController.swift in Sources */ = {isa = PBXBuildFile; fileRef = B7CC2815290824BC00529BC6 /* LoginViewController.swift */; };
		B7CC2819290824BC00529BC6 /* Main.storyboard in Resources */ = {isa = PBXBuildFile; fileRef = B7CC2817290824BC00529BC6 /* Main.storyboard */; };
		B7CC281B290824BC00529BC6 /* Assets.xcassets in Resources */ = {isa = PBXBuildFile; fileRef = B7CC281A290824BC00529BC6 /* Assets.xcassets */; };
		B7CC281E290824BC00529BC6 /* LaunchScreen.storyboard in Resources */ = {isa = PBXBuildFile; fileRef = B7CC281C290824BC00529BC6 /* LaunchScreen.storyboard */; };
/* End PBXBuildFile section */

/* Begin PBXFileReference section */
		0BEB7F1E290F85D5005DE52C /* GenderViewController.swift */ = {isa = PBXFileReference; lastKnownFileType = sourcecode.swift; path = GenderViewController.swift; sourceTree = "<group>"; };
		0BEB7F20290F85ED005DE52C /* LikesViewController.swift */ = {isa = PBXFileReference; lastKnownFileType = sourcecode.swift; path = LikesViewController.swift; sourceTree = "<group>"; };
		0BEB7F22290F8609005DE52C /* ArticlesViewController.swift */ = {isa = PBXFileReference; lastKnownFileType = sourcecode.swift; path = ArticlesViewController.swift; sourceTree = "<group>"; };
		4A821B74E4E3516AB7AF0EE1 /* Pods-Inviz.release.xcconfig */ = {isa = PBXFileReference; includeInIndex = 1; lastKnownFileType = text.xcconfig; name = "Pods-Inviz.release.xcconfig"; path = "Target Support Files/Pods-Inviz/Pods-Inviz.release.xcconfig"; sourceTree = "<group>"; };
		6F110DF1290B27C500A09B68 /* GoogleService-Info.plist */ = {isa = PBXFileReference; fileEncoding = 4; lastKnownFileType = text.plist.xml; path = "GoogleService-Info.plist"; sourceTree = "<group>"; };
		6F110DF7290D74A900A09B68 /* ViewController.swift */ = {isa = PBXFileReference; lastKnownFileType = sourcecode.swift; path = ViewController.swift; sourceTree = "<group>"; };
		6F110DF9290D74E900A09B68 /* CoreDataFunctions.swift */ = {isa = PBXFileReference; lastKnownFileType = sourcecode.swift; path = CoreDataFunctions.swift; sourceTree = "<group>"; };
		6F110DFB290D752E00A09B68 /* AddNoteViewController.swift */ = {isa = PBXFileReference; lastKnownFileType = sourcecode.swift; path = AddNoteViewController.swift; sourceTree = "<group>"; };
		6F110DFD290D756200A09B68 /* NoteTableViewCell.swift */ = {isa = PBXFileReference; lastKnownFileType = sourcecode.swift; path = NoteTableViewCell.swift; sourceTree = "<group>"; };
		6FB1976C2915950700E2F2CA /* CompanyLoginViewController.swift */ = {isa = PBXFileReference; lastKnownFileType = sourcecode.swift; path = CompanyLoginViewController.swift; sourceTree = "<group>"; };
		B7131CB4290DA691007BC722 /* ShowInfoViewController.swift */ = {isa = PBXFileReference; lastKnownFileType = sourcecode.swift; path = ShowInfoViewController.swift; sourceTree = "<group>"; };
		B73600762909053700D833D1 /* RegisterViewController.swift */ = {isa = PBXFileReference; lastKnownFileType = sourcecode.swift; path = RegisterViewController.swift; sourceTree = "<group>"; };
		B7CC280E290824BC00529BC6 /* Inviz.app */ = {isa = PBXFileReference; explicitFileType = wrapper.application; includeInIndex = 0; path = Inviz.app; sourceTree = BUILT_PRODUCTS_DIR; };
		B7CC2811290824BC00529BC6 /* AppDelegate.swift */ = {isa = PBXFileReference; lastKnownFileType = sourcecode.swift; path = AppDelegate.swift; sourceTree = "<group>"; };
		B7CC2813290824BC00529BC6 /* SceneDelegate.swift */ = {isa = PBXFileReference; lastKnownFileType = sourcecode.swift; path = SceneDelegate.swift; sourceTree = "<group>"; };
		B7CC2815290824BC00529BC6 /* LoginViewController.swift */ = {isa = PBXFileReference; lastKnownFileType = sourcecode.swift; path = LoginViewController.swift; sourceTree = "<group>"; };
		B7CC2818290824BC00529BC6 /* Base */ = {isa = PBXFileReference; lastKnownFileType = file.storyboard; name = Base; path = Base.lproj/Main.storyboard; sourceTree = "<group>"; };
		B7CC281A290824BC00529BC6 /* Assets.xcassets */ = {isa = PBXFileReference; lastKnownFileType = folder.assetcatalog; path = Assets.xcassets; sourceTree = "<group>"; };
		B7CC281D290824BC00529BC6 /* Base */ = {isa = PBXFileReference; lastKnownFileType = file.storyboard; name = Base; path = Base.lproj/LaunchScreen.storyboard; sourceTree = "<group>"; };
		B7CC281F290824BC00529BC6 /* Info.plist */ = {isa = PBXFileReference; lastKnownFileType = text.plist.xml; path = Info.plist; sourceTree = "<group>"; };
		E0C0DA16628767E31B261C19 /* Pods-Inviz.debug.xcconfig */ = {isa = PBXFileReference; includeInIndex = 1; lastKnownFileType = text.xcconfig; name = "Pods-Inviz.debug.xcconfig"; path = "Target Support Files/Pods-Inviz/Pods-Inviz.debug.xcconfig"; sourceTree = "<group>"; };
		FEA78B02BC696CE6DDC045D0 /* Pods_Inviz.framework */ = {isa = PBXFileReference; explicitFileType = wrapper.framework; includeInIndex = 0; path = Pods_Inviz.framework; sourceTree = BUILT_PRODUCTS_DIR; };
/* End PBXFileReference section */

/* Begin PBXFrameworksBuildPhase section */
		B7CC280B290824BC00529BC6 /* Frameworks */ = {
			isa = PBXFrameworksBuildPhase;
			buildActionMask = 2147483647;
			files = (
				ACBE39AFC778D8960A16259E /* Pods_Inviz.framework in Frameworks */,
			);
			runOnlyForDeploymentPostprocessing = 0;
		};
/* End PBXFrameworksBuildPhase section */

/* Begin PBXGroup section */
		B7CC2805290824BC00529BC6 = {
			isa = PBXGroup;
			children = (
				B7CC2810290824BC00529BC6 /* Inviz */,
				B7CC280F290824BC00529BC6 /* Products */,
				EE16A58AD5CBDF5F1C5973CC /* Pods */,
				C2BCDBBF27A2AD9F0BF96972 /* Frameworks */,
			);
			sourceTree = "<group>";
		};
		B7CC280F290824BC00529BC6 /* Products */ = {
			isa = PBXGroup;
			children = (
				B7CC280E290824BC00529BC6 /* Inviz.app */,
			);
			name = Products;
			sourceTree = "<group>";
		};
		B7CC2810290824BC00529BC6 /* Inviz */ = {
			isa = PBXGroup;
			children = (
				B7CC2811290824BC00529BC6 /* AppDelegate.swift */,
				B7CC2813290824BC00529BC6 /* SceneDelegate.swift */,
				B7CC2815290824BC00529BC6 /* LoginViewController.swift */,
				B7CC2817290824BC00529BC6 /* Main.storyboard */,
				B7131CB4290DA691007BC722 /* ShowInfoViewController.swift */,
				B7CC281A290824BC00529BC6 /* Assets.xcassets */,
				6F110DF1290B27C500A09B68 /* GoogleService-Info.plist */,
				B7CC281C290824BC00529BC6 /* LaunchScreen.storyboard */,
				B7CC281F290824BC00529BC6 /* Info.plist */,
				B73600762909053700D833D1 /* RegisterViewController.swift */,
				6F110DF7290D74A900A09B68 /* ViewController.swift */,
				6F110DF9290D74E900A09B68 /* CoreDataFunctions.swift */,
				6F110DFB290D752E00A09B68 /* AddNoteViewController.swift */,
				6F110DFD290D756200A09B68 /* NoteTableViewCell.swift */,
				0BEB7F1E290F85D5005DE52C /* GenderViewController.swift */,
				0BEB7F20290F85ED005DE52C /* LikesViewController.swift */,
				0BEB7F22290F8609005DE52C /* ArticlesViewController.swift */,
				6FB1976C2915950700E2F2CA /* CompanyLoginViewController.swift */,
			);
			path = Inviz;
			sourceTree = "<group>";
		};
		C2BCDBBF27A2AD9F0BF96972 /* Frameworks */ = {
			isa = PBXGroup;
			children = (
				FEA78B02BC696CE6DDC045D0 /* Pods_Inviz.framework */,
			);
			name = Frameworks;
			sourceTree = "<group>";
		};
		EE16A58AD5CBDF5F1C5973CC /* Pods */ = {
			isa = PBXGroup;
			children = (
				E0C0DA16628767E31B261C19 /* Pods-Inviz.debug.xcconfig */,
				4A821B74E4E3516AB7AF0EE1 /* Pods-Inviz.release.xcconfig */,
			);
			path = Pods;
			sourceTree = "<group>";
		};
/* End PBXGroup section */

/* Begin PBXNativeTarget section */
		B7CC280D290824BC00529BC6 /* Inviz */ = {
			isa = PBXNativeTarget;
			buildConfigurationList = B7CC2822290824BC00529BC6 /* Build configuration list for PBXNativeTarget "Inviz" */;
			buildPhases = (
				8EB2D591FA1E05F78D1336DC /* [CP] Check Pods Manifest.lock */,
				B7CC280A290824BC00529BC6 /* Sources */,
				B7CC280B290824BC00529BC6 /* Frameworks */,
				B7CC280C290824BC00529BC6 /* Resources */,
				E9CD26EF3C07424EC634D4CD /* [CP] Embed Pods Frameworks */,
			);
			buildRules = (
			);
			dependencies = (
			);
			name = Inviz;
			productName = Inviz;
			productReference = B7CC280E290824BC00529BC6 /* Inviz.app */;
			productType = "com.apple.product-type.application";
		};
/* End PBXNativeTarget section */

/* Begin PBXProject section */
		B7CC2806290824BC00529BC6 /* Project object */ = {
			isa = PBXProject;
			attributes = {
				BuildIndependentTargetsInParallel = 1;
				LastSwiftUpdateCheck = 1400;
				LastUpgradeCheck = 1400;
				TargetAttributes = {
					B7CC280D290824BC00529BC6 = {
						CreatedOnToolsVersion = 14.0.1;
					};
				};
			};
			buildConfigurationList = B7CC2809290824BC00529BC6 /* Build configuration list for PBXProject "Inviz" */;
			compatibilityVersion = "Xcode 13.0";
			developmentRegion = en;
			hasScannedForEncodings = 0;
			knownRegions = (
				en,
				Base,
			);
			mainGroup = B7CC2805290824BC00529BC6;
			productRefGroup = B7CC280F290824BC00529BC6 /* Products */;
			projectDirPath = "";
			projectRoot = "";
			targets = (
				B7CC280D290824BC00529BC6 /* Inviz */,
			);
		};
/* End PBXProject section */

/* Begin PBXResourcesBuildPhase section */
		B7CC280C290824BC00529BC6 /* Resources */ = {
			isa = PBXResourcesBuildPhase;
			buildActionMask = 2147483647;
			files = (
				B7CC281E290824BC00529BC6 /* LaunchScreen.storyboard in Resources */,
				6F110DF2290B27C500A09B68 /* GoogleService-Info.plist in Resources */,
				B7CC281B290824BC00529BC6 /* Assets.xcassets in Resources */,
				B7CC2819290824BC00529BC6 /* Main.storyboard in Resources */,
			);
			runOnlyForDeploymentPostprocessing = 0;
		};
/* End PBXResourcesBuildPhase section */

/* Begin PBXShellScriptBuildPhase section */
		8EB2D591FA1E05F78D1336DC /* [CP] Check Pods Manifest.lock */ = {
			isa = PBXShellScriptBuildPhase;
			buildActionMask = 2147483647;
			files = (
			);
			inputFileListPaths = (
			);
			inputPaths = (
				"${PODS_PODFILE_DIR_PATH}/Podfile.lock",
				"${PODS_ROOT}/Manifest.lock",
			);
			name = "[CP] Check Pods Manifest.lock";
			outputFileListPaths = (
			);
			outputPaths = (
				"$(DERIVED_FILE_DIR)/Pods-Inviz-checkManifestLockResult.txt",
			);
			runOnlyForDeploymentPostprocessing = 0;
			shellPath = /bin/sh;
			shellScript = "diff \"${PODS_PODFILE_DIR_PATH}/Podfile.lock\" \"${PODS_ROOT}/Manifest.lock\" > /dev/null\nif [ $? != 0 ] ; then\n    # print error to STDERR\n    echo \"error: The sandbox is not in sync with the Podfile.lock. Run 'pod install' or update your CocoaPods installation.\" >&2\n    exit 1\nfi\n# This output is used by Xcode 'outputs' to avoid re-running this script phase.\necho \"SUCCESS\" > \"${SCRIPT_OUTPUT_FILE_0}\"\n";
			showEnvVarsInLog = 0;
		};
		E9CD26EF3C07424EC634D4CD /* [CP] Embed Pods Frameworks */ = {
			isa = PBXShellScriptBuildPhase;
			buildActionMask = 2147483647;
			files = (
			);
			inputFileListPaths = (
				"${PODS_ROOT}/Target Support Files/Pods-Inviz/Pods-Inviz-frameworks-${CONFIGURATION}-input-files.xcfilelist",
			);
			name = "[CP] Embed Pods Frameworks";
			outputFileListPaths = (
				"${PODS_ROOT}/Target Support Files/Pods-Inviz/Pods-Inviz-frameworks-${CONFIGURATION}-output-files.xcfilelist",
			);
			runOnlyForDeploymentPostprocessing = 0;
			shellPath = /bin/sh;
			shellScript = "\"${PODS_ROOT}/Target Support Files/Pods-Inviz/Pods-Inviz-frameworks.sh\"\n";
			showEnvVarsInLog = 0;
		};
/* End PBXShellScriptBuildPhase section */

/* Begin PBXSourcesBuildPhase section */
		B7CC280A290824BC00529BC6 /* Sources */ = {
			isa = PBXSourcesBuildPhase;
			buildActionMask = 2147483647;
			files = (
				0BEB7F21290F85ED005DE52C /* LikesViewController.swift in Sources */,
				6FB1976D2915950700E2F2CA /* CompanyLoginViewController.swift in Sources */,
				B7CC2816290824BC00529BC6 /* LoginViewController.swift in Sources */,
				0BEB7F1F290F85D5005DE52C /* GenderViewController.swift in Sources */,
				6F110DFC290D752E00A09B68 /* AddNoteViewController.swift in Sources */,
				6F110DFE290D756200A09B68 /* NoteTableViewCell.swift in Sources */,
				B7CC2812290824BC00529BC6 /* AppDelegate.swift in Sources */,
				B7CC2814290824BC00529BC6 /* SceneDelegate.swift in Sources */,
				6F110DF8290D74A900A09B68 /* ViewController.swift in Sources */,
				B7131CB5290DA691007BC722 /* ShowInfoViewController.swift in Sources */,
				0BEB7F23290F8609005DE52C /* ArticlesViewController.swift in Sources */,
				B73600772909053700D833D1 /* RegisterViewController.swift in Sources */,
				6F110DFA290D74E900A09B68 /* CoreDataFunctions.swift in Sources */,
			);
			runOnlyForDeploymentPostprocessing = 0;
		};
/* End PBXSourcesBuildPhase section */

/* Begin PBXVariantGroup section */
		B7CC2817290824BC00529BC6 /* Main.storyboard */ = {
			isa = PBXVariantGroup;
			children = (
				B7CC2818290824BC00529BC6 /* Base */,
			);
			name = Main.storyboard;
			sourceTree = "<group>";
		};
		B7CC281C290824BC00529BC6 /* LaunchScreen.storyboard */ = {
			isa = PBXVariantGroup;
			children = (
				B7CC281D290824BC00529BC6 /* Base */,
			);
			name = LaunchScreen.storyboard;
			sourceTree = "<group>";
		};
/* End PBXVariantGroup section */

/* Begin XCBuildConfiguration section */
		B7CC2820290824BC00529BC6 /* Debug */ = {
			isa = XCBuildConfiguration;
			buildSettings = {
				ALWAYS_SEARCH_USER_PATHS = NO;
				CLANG_ANALYZER_NONNULL = YES;
				CLANG_ANALYZER_NUMBER_OBJECT_CONVERSION = YES_AGGRESSIVE;
				CLANG_CXX_LANGUAGE_STANDARD = "gnu++20";
				CLANG_ENABLE_MODULES = YES;
				CLANG_ENABLE_OBJC_ARC = YES;
				CLANG_ENABLE_OBJC_WEAK = YES;
				CLANG_WARN_BLOCK_CAPTURE_AUTORELEASING = YES;
				CLANG_WARN_BOOL_CONVERSION = YES;
				CLANG_WARN_COMMA = YES;
				CLANG_WARN_CONSTANT_CONVERSION = YES;
				CLANG_WARN_DEPRECATED_OBJC_IMPLEMENTATIONS = YES;
				CLANG_WARN_DIRECT_OBJC_ISA_USAGE = YES_ERROR;
				CLANG_WARN_DOCUMENTATION_COMMENTS = YES;
				CLANG_WARN_EMPTY_BODY = YES;
				CLANG_WARN_ENUM_CONVERSION = YES;
				CLANG_WARN_INFINITE_RECURSION = YES;
				CLANG_WARN_INT_CONVERSION = YES;
				CLANG_WARN_NON_LITERAL_NULL_CONVERSION = YES;
				CLANG_WARN_OBJC_IMPLICIT_RETAIN_SELF = YES;
				CLANG_WARN_OBJC_LITERAL_CONVERSION = YES;
				CLANG_WARN_OBJC_ROOT_CLASS = YES_ERROR;
				CLANG_WARN_QUOTED_INCLUDE_IN_FRAMEWORK_HEADER = YES;
				CLANG_WARN_RANGE_LOOP_ANALYSIS = YES;
				CLANG_WARN_STRICT_PROTOTYPES = YES;
				CLANG_WARN_SUSPICIOUS_MOVE = YES;
				CLANG_WARN_UNGUARDED_AVAILABILITY = YES_AGGRESSIVE;
				CLANG_WARN_UNREACHABLE_CODE = YES;
				CLANG_WARN__DUPLICATE_METHOD_MATCH = YES;
				COPY_PHASE_STRIP = NO;
				DEBUG_INFORMATION_FORMAT = dwarf;
				ENABLE_STRICT_OBJC_MSGSEND = YES;
				ENABLE_TESTABILITY = YES;
				GCC_C_LANGUAGE_STANDARD = gnu11;
				GCC_DYNAMIC_NO_PIC = NO;
				GCC_NO_COMMON_BLOCKS = YES;
				GCC_OPTIMIZATION_LEVEL = 0;
				GCC_PREPROCESSOR_DEFINITIONS = (
					"DEBUG=1",
					"$(inherited)",
				);
				GCC_WARN_64_TO_32_BIT_CONVERSION = YES;
				GCC_WARN_ABOUT_RETURN_TYPE = YES_ERROR;
				GCC_WARN_UNDECLARED_SELECTOR = YES;
				GCC_WARN_UNINITIALIZED_AUTOS = YES_AGGRESSIVE;
				GCC_WARN_UNUSED_FUNCTION = YES;
				GCC_WARN_UNUSED_VARIABLE = YES;
				IPHONEOS_DEPLOYMENT_TARGET = 16.0;
				MTL_ENABLE_DEBUG_INFO = INCLUDE_SOURCE;
				MTL_FAST_MATH = YES;
				ONLY_ACTIVE_ARCH = YES;
				SDKROOT = iphoneos;
				SWIFT_ACTIVE_COMPILATION_CONDITIONS = DEBUG;
				SWIFT_OPTIMIZATION_LEVEL = "-Onone";
			};
			name = Debug;
		};
		B7CC2821290824BC00529BC6 /* Release */ = {
			isa = XCBuildConfiguration;
			buildSettings = {
				ALWAYS_SEARCH_USER_PATHS = NO;
				CLANG_ANALYZER_NONNULL = YES;
				CLANG_ANALYZER_NUMBER_OBJECT_CONVERSION = YES_AGGRESSIVE;
				CLANG_CXX_LANGUAGE_STANDARD = "gnu++20";
				CLANG_ENABLE_MODULES = YES;
				CLANG_ENABLE_OBJC_ARC = YES;
				CLANG_ENABLE_OBJC_WEAK = YES;
				CLANG_WARN_BLOCK_CAPTURE_AUTORELEASING = YES;
				CLANG_WARN_BOOL_CONVERSION = YES;
				CLANG_WARN_COMMA = YES;
				CLANG_WARN_CONSTANT_CONVERSION = YES;
				CLANG_WARN_DEPRECATED_OBJC_IMPLEMENTATIONS = YES;
				CLANG_WARN_DIRECT_OBJC_ISA_USAGE = YES_ERROR;
				CLANG_WARN_DOCUMENTATION_COMMENTS = YES;
				CLANG_WARN_EMPTY_BODY = YES;
				CLANG_WARN_ENUM_CONVERSION = YES;
				CLANG_WARN_INFINITE_RECURSION = YES;
				CLANG_WARN_INT_CONVERSION = YES;
				CLANG_WARN_NON_LITERAL_NULL_CONVERSION = YES;
				CLANG_WARN_OBJC_IMPLICIT_RETAIN_SELF = YES;
				CLANG_WARN_OBJC_LITERAL_CONVERSION = YES;
				CLANG_WARN_OBJC_ROOT_CLASS = YES_ERROR;
				CLANG_WARN_QUOTED_INCLUDE_IN_FRAMEWORK_HEADER = YES;
				CLANG_WARN_RANGE_LOOP_ANALYSIS = YES;
				CLANG_WARN_STRICT_PROTOTYPES = YES;
				CLANG_WARN_SUSPICIOUS_MOVE = YES;
				CLANG_WARN_UNGUARDED_AVAILABILITY = YES_AGGRESSIVE;
				CLANG_WARN_UNREACHABLE_CODE = YES;
				CLANG_WARN__DUPLICATE_METHOD_MATCH = YES;
				COPY_PHASE_STRIP = NO;
				DEBUG_INFORMATION_FORMAT = "dwarf-with-dsym";
				ENABLE_NS_ASSERTIONS = NO;
				ENABLE_STRICT_OBJC_MSGSEND = YES;
				GCC_C_LANGUAGE_STANDARD = gnu11;
				GCC_NO_COMMON_BLOCKS = YES;
				GCC_WARN_64_TO_32_BIT_CONVERSION = YES;
				GCC_WARN_ABOUT_RETURN_TYPE = YES_ERROR;
				GCC_WARN_UNDECLARED_SELECTOR = YES;
				GCC_WARN_UNINITIALIZED_AUTOS = YES_AGGRESSIVE;
				GCC_WARN_UNUSED_FUNCTION = YES;
				GCC_WARN_UNUSED_VARIABLE = YES;
				IPHONEOS_DEPLOYMENT_TARGET = 16.0;
				MTL_ENABLE_DEBUG_INFO = NO;
				MTL_FAST_MATH = YES;
				SDKROOT = iphoneos;
				SWIFT_COMPILATION_MODE = wholemodule;
				SWIFT_OPTIMIZATION_LEVEL = "-O";
				VALIDATE_PRODUCT = YES;
			};
			name = Release;
		};
		B7CC2823290824BC00529BC6 /* Debug */ = {
			isa = XCBuildConfiguration;
			baseConfigurationReference = E0C0DA16628767E31B261C19 /* Pods-Inviz.debug.xcconfig */;
			buildSettings = {
				ASSETCATALOG_COMPILER_APPICON_NAME = AppIcon;
				ASSETCATALOG_COMPILER_GLOBAL_ACCENT_COLOR_NAME = AccentColor;
				CODE_SIGN_STYLE = Automatic;
				CURRENT_PROJECT_VERSION = 1;
				DEVELOPMENT_TEAM = KW4RF93KBK;
				GENERATE_INFOPLIST_FILE = YES;
				INFOPLIST_FILE = Inviz/Info.plist;
				INFOPLIST_KEY_UIApplicationSupportsIndirectInputEvents = YES;
				INFOPLIST_KEY_UILaunchStoryboardName = LaunchScreen;
				INFOPLIST_KEY_UIMainStoryboardFile = Main;
				INFOPLIST_KEY_UISupportedInterfaceOrientations_iPad = "UIInterfaceOrientationPortrait UIInterfaceOrientationPortraitUpsideDown UIInterfaceOrientationLandscapeLeft UIInterfaceOrientationLandscapeRight";
				INFOPLIST_KEY_UISupportedInterfaceOrientations_iPhone = "UIInterfaceOrientationPortrait UIInterfaceOrientationLandscapeLeft UIInterfaceOrientationLandscapeRight";
				IPHONEOS_DEPLOYMENT_TARGET = 15.5;
				LD_RUNPATH_SEARCH_PATHS = (
					"$(inherited)",
					"@executable_path/Frameworks",
				);
				MARKETING_VERSION = 1.0;
				PRODUCT_BUNDLE_IDENTIFIER = "com.ritesh-ranka.Inviz";
				PRODUCT_NAME = "$(TARGET_NAME)";
				SWIFT_EMIT_LOC_STRINGS = YES;
				SWIFT_VERSION = 5.0;
				TARGETED_DEVICE_FAMILY = "1,2";
			};
			name = Debug;
		};
		B7CC2824290824BC00529BC6 /* Release */ = {
			isa = XCBuildConfiguration;
			baseConfigurationReference = 4A821B74E4E3516AB7AF0EE1 /* Pods-Inviz.release.xcconfig */;
			buildSettings = {
				ASSETCATALOG_COMPILER_APPICON_NAME = AppIcon;
				ASSETCATALOG_COMPILER_GLOBAL_ACCENT_COLOR_NAME = AccentColor;
				CODE_SIGN_STYLE = Automatic;
				CURRENT_PROJECT_VERSION = 1;
				DEVELOPMENT_TEAM = KW4RF93KBK;
				GENERATE_INFOPLIST_FILE = YES;
				INFOPLIST_FILE = Inviz/Info.plist;
				INFOPLIST_KEY_UIApplicationSupportsIndirectInputEvents = YES;
				INFOPLIST_KEY_UILaunchStoryboardName = LaunchScreen;
				INFOPLIST_KEY_UIMainStoryboardFile = Main;
				INFOPLIST_KEY_UISupportedInterfaceOrientations_iPad = "UIInterfaceOrientationPortrait UIInterfaceOrientationPortraitUpsideDown UIInterfaceOrientationLandscapeLeft UIInterfaceOrientationLandscapeRight";
				INFOPLIST_KEY_UISupportedInterfaceOrientations_iPhone = "UIInterfaceOrientationPortrait UIInterfaceOrientationLandscapeLeft UIInterfaceOrientationLandscapeRight";
				IPHONEOS_DEPLOYMENT_TARGET = 15.5;
				LD_RUNPATH_SEARCH_PATHS = (
					"$(inherited)",
					"@executable_path/Frameworks",
				);
				MARKETING_VERSION = 1.0;
				PRODUCT_BUNDLE_IDENTIFIER = "com.ritesh-ranka.Inviz";
				PRODUCT_NAME = "$(TARGET_NAME)";
				SWIFT_EMIT_LOC_STRINGS = YES;
				SWIFT_VERSION = 5.0;
				TARGETED_DEVICE_FAMILY = "1,2";
			};
			name = Release;
		};
/* End XCBuildConfiguration section */

/* Begin XCConfigurationList section */
		B7CC2809290824BC00529BC6 /* Build configuration list for PBXProject "Inviz" */ = {
			isa = XCConfigurationList;
			buildConfigurations = (
				B7CC2820290824BC00529BC6 /* Debug */,
				B7CC2821290824BC00529BC6 /* Release */,
			);
			defaultConfigurationIsVisible = 0;
			defaultConfigurationName = Release;
		};
		B7CC2822290824BC00529BC6 /* Build configuration list for PBXNativeTarget "Inviz" */ = {
			isa = XCConfigurationList;
			buildConfigurations = (
				B7CC2823290824BC00529BC6 /* Debug */,
				B7CC2824290824BC00529BC6 /* Release */,
			);
			defaultConfigurationIsVisible = 0;
			defaultConfigurationName = Release;
		};
/* End XCConfigurationList section */
	};
	rootObject = B7CC2806290824BC00529BC6 /* Project object */;
}
